
Microsoft Visual Studio Solution File, Format Version 12.00
# Visual Studio Version 17
VisualStudioVersion = 17.9.34728.123
MinimumVisualStudioVersion = 10.0.40219.1
Project("{FAE04EC0-301F-11D3-BF4B-00C04F79EFBC}") = "Generics", "Generics.csproj", "{031A521A-C8F5-465E-8CF7-3CA4CB22779B}"
EndProject
Global
	GlobalSection(SolutionConfigurationPlatforms) = preSolution
		Debug|Any CPU = Debug|Any CPU
		Release|Any CPU = Release|Any CPU
	EndGlobalSection
	GlobalSection(ProjectConfigurationPlatforms) = postSolution
		{031A521A-C8F5-465E-8CF7-3CA4CB22779B}.Debug|Any CPU.ActiveCfg = Debug|Any CPU
		{031A521A-C8F5-465E-8CF7-3CA4CB22779B}.Debug|Any CPU.Build.0 = Debug|Any CPU
		{031A521A-C8F5-465E-8CF7-3CA4CB22779B}.Release|Any CPU.ActiveCfg = Release|Any CPU
		{031A521A-C8F5-465E-8CF7-3CA4CB22779B}.Release|Any CPU.Build.0 = Release|Any CPU
	EndGlobalSection
	GlobalSection(SolutionProperties) = preSolution
		HideSolutionNode = FALSE
	EndGlobalSection
	GlobalSection(ExtensibilityGlobals) = postSolution
		SolutionGuid = {64D07A8E-5390-4E1F-9FA9-4EEC72D90008}
	EndGlobalSection
EndGlobal
